// !$*UTF8*$!
{
	archiveVersion = 1;
	classes = {
	};
	objectVersion = 56;
	objects = {

/* Begin PBXBuildFile section */
		043020D62A87B1DF00833CFB /* Date+Extensions.swift in Sources */ = {isa = PBXBuildFile; fileRef = 043020D52A87B1DF00833CFB /* Date+Extensions.swift */; };
		043020DE2A87B37C00833CFB /* InlineTestTests.swift in Sources */ = {isa = PBXBuildFile; fileRef = 043020DD2A87B37C00833CFB /* InlineTestTests.swift */; };
		04B853FE2A87B0AA00DB7D8A /* AppDelegate.swift in Sources */ = {isa = PBXBuildFile; fileRef = 04B853FD2A87B0AA00DB7D8A /* AppDelegate.swift */; };
		04B854002A87B0AA00DB7D8A /* SceneDelegate.swift in Sources */ = {isa = PBXBuildFile; fileRef = 04B853FF2A87B0AA00DB7D8A /* SceneDelegate.swift */; };
		04B854022A87B0AA00DB7D8A /* ViewController.swift in Sources */ = {isa = PBXBuildFile; fileRef = 04B854012A87B0AA00DB7D8A /* ViewController.swift */; };
		04B854052A87B0AA00DB7D8A /* Main.storyboard in Resources */ = {isa = PBXBuildFile; fileRef = 04B854032A87B0AA00DB7D8A /* Main.storyboard */; };
		04B854072A87B0AC00DB7D8A /* Assets.xcassets in Resources */ = {isa = PBXBuildFile; fileRef = 04B854062A87B0AC00DB7D8A /* Assets.xcassets */; };
		04B8540A2A87B0AC00DB7D8A /* LaunchScreen.storyboard in Resources */ = {isa = PBXBuildFile; fileRef = 04B854082A87B0AC00DB7D8A /* LaunchScreen.storyboard */; };
/* End PBXBuildFile section */

/* Begin PBXContainerItemProxy section */
		043020DF2A87B37C00833CFB /* PBXContainerItemProxy */ = {
			isa = PBXContainerItemProxy;
			containerPortal = 04B853F22A87B0AA00DB7D8A /* Project object */;
			proxyType = 1;
			remoteGlobalIDString = 04B853F92A87B0AA00DB7D8A;
			remoteInfo = InlineTest;
		};
/* End PBXContainerItemProxy section */

/* Begin PBXFileReference section */
		043020D52A87B1DF00833CFB /* Date+Extensions.swift */ = {isa = PBXFileReference; lastKnownFileType = sourcecode.swift; path = "Date+Extensions.swift"; sourceTree = "<group>"; };
		043020DB2A87B37C00833CFB /* InlineTestTests.xctest */ = {isa = PBXFileReference; explicitFileType = wrapper.cfbundle; includeInIndex = 0; path = InlineTestTests.xctest; sourceTree = BUILT_PRODUCTS_DIR; };
		043020DD2A87B37C00833CFB /* InlineTestTests.swift */ = {isa = PBXFileReference; lastKnownFileType = sourcecode.swift; path = InlineTestTests.swift; sourceTree = "<group>"; };
		04B853FA2A87B0AA00DB7D8A /* InlineTest.app */ = {isa = PBXFileReference; explicitFileType = wrapper.application; includeInIndex = 0; path = InlineTest.app; sourceTree = BUILT_PRODUCTS_DIR; };
		04B853FD2A87B0AA00DB7D8A /* AppDelegate.swift */ = {isa = PBXFileReference; lastKnownFileType = sourcecode.swift; path = AppDelegate.swift; sourceTree = "<group>"; };
		04B853FF2A87B0AA00DB7D8A /* SceneDelegate.swift */ = {isa = PBXFileReference; lastKnownFileType = sourcecode.swift; path = SceneDelegate.swift; sourceTree = "<group>"; };
		04B854012A87B0AA00DB7D8A /* ViewController.swift */ = {isa = PBXFileReference; lastKnownFileType = sourcecode.swift; path = ViewController.swift; sourceTree = "<group>"; };
		04B854042A87B0AA00DB7D8A /* Base */ = {isa = PBXFileReference; lastKnownFileType = file.storyboard; name = Base; path = Base.lproj/Main.storyboard; sourceTree = "<group>"; };
		04B854062A87B0AC00DB7D8A /* Assets.xcassets */ = {isa = PBXFileReference; lastKnownFileType = folder.assetcatalog; path = Assets.xcassets; sourceTree = "<group>"; };
		04B854092A87B0AC00DB7D8A /* Base */ = {isa = PBXFileReference; lastKnownFileType = file.storyboard; name = Base; path = Base.lproj/LaunchScreen.storyboard; sourceTree = "<group>"; };
		04B8540B2A87B0AC00DB7D8A /* Info.plist */ = {isa = PBXFileReference; lastKnownFileType = text.plist.xml; path = Info.plist; sourceTree = "<group>"; };
/* End PBXFileReference section */

/* Begin PBXFrameworksBuildPhase section */
		043020D82A87B37C00833CFB /* Frameworks */ = {
			isa = PBXFrameworksBuildPhase;
			buildActionMask = 2147483647;
			files = (
			);
			runOnlyForDeploymentPostprocessing = 0;
		};
		04B853F72A87B0AA00DB7D8A /* Frameworks */ = {
			isa = PBXFrameworksBuildPhase;
			buildActionMask = 2147483647;
			files = (
			);
			runOnlyForDeploymentPostprocessing = 0;
		};
/* End PBXFrameworksBuildPhase section */

/* Begin PBXGroup section */
		043020DC2A87B37C00833CFB /* InlineTestTests */ = {
			isa = PBXGroup;
			children = (
				043020DD2A87B37C00833CFB /* InlineTestTests.swift */,
			);
			path = InlineTestTests;
			sourceTree = "<group>";
		};
		04B853F12A87B0AA00DB7D8A = {
			isa = PBXGroup;
			children = (
				04B853FC2A87B0AA00DB7D8A /* InlineTest */,
				043020DC2A87B37C00833CFB /* InlineTestTests */,
				04B853FB2A87B0AA00DB7D8A /* Products */,
			);
			sourceTree = "<group>";
		};
		04B853FB2A87B0AA00DB7D8A /* Products */ = {
			isa = PBXGroup;
			children = (
				04B853FA2A87B0AA00DB7D8A /* InlineTest.app */,
				043020DB2A87B37C00833CFB /* InlineTestTests.xctest */,
			);
			name = Products;
			sourceTree = "<group>";
		};
		04B853FC2A87B0AA00DB7D8A /* InlineTest */ = {
			isa = PBXGroup;
			children = (
				04B853FD2A87B0AA00DB7D8A /* AppDelegate.swift */,
				04B853FF2A87B0AA00DB7D8A /* SceneDelegate.swift */,
				04B854012A87B0AA00DB7D8A /* ViewController.swift */,
				043020D52A87B1DF00833CFB /* Date+Extensions.swift */,
				04B854032A87B0AA00DB7D8A /* Main.storyboard */,
				04B854062A87B0AC00DB7D8A /* Assets.xcassets */,
				04B854082A87B0AC00DB7D8A /* LaunchScreen.storyboard */,
				04B8540B2A87B0AC00DB7D8A /* Info.plist */,
			);
			path = InlineTest;
			sourceTree = "<group>";
		};
/* End PBXGroup section */

/* Begin PBXNativeTarget section */
		043020DA2A87B37C00833CFB /* InlineTestTests */ = {
			isa = PBXNativeTarget;
			buildConfigurationList = 043020E12A87B37C00833CFB /* Build configuration list for PBXNativeTarget "InlineTestTests" */;
			buildPhases = (
				043020D72A87B37C00833CFB /* Sources */,
				043020D82A87B37C00833CFB /* Frameworks */,
				043020D92A87B37C00833CFB /* Resources */,
			);
			buildRules = (
			);
			dependencies = (
				043020E02A87B37C00833CFB /* PBXTargetDependency */,
			);
			name = InlineTestTests;
			productName = InlineTestTests;
			productReference = 043020DB2A87B37C00833CFB /* InlineTestTests.xctest */;
			productType = "com.apple.product-type.bundle.unit-test";
		};
		04B853F92A87B0AA00DB7D8A /* InlineTest */ = {
			isa = PBXNativeTarget;
			buildConfigurationList = 04B8540E2A87B0AC00DB7D8A /* Build configuration list for PBXNativeTarget "InlineTest" */;
			buildPhases = (
				04B853F62A87B0AA00DB7D8A /* Sources */,
				04B853F72A87B0AA00DB7D8A /* Frameworks */,
				04B853F82A87B0AA00DB7D8A /* Resources */,
			);
			buildRules = (
			);
			dependencies = (
			);
			name = InlineTest;
			productName = InlineTest;
			productReference = 04B853FA2A87B0AA00DB7D8A /* InlineTest.app */;
			productType = "com.apple.product-type.application";
		};
/* End PBXNativeTarget section */

/* Begin PBXProject section */
		04B853F22A87B0AA00DB7D8A /* Project object */ = {
			isa = PBXProject;
			attributes = {
				BuildIndependentTargetsInParallel = 1;
				LastSwiftUpdateCheck = 1430;
				LastUpgradeCheck = 1430;
				TargetAttributes = {
					043020DA2A87B37C00833CFB = {
						CreatedOnToolsVersion = 14.3.1;
						TestTargetID = 04B853F92A87B0AA00DB7D8A;
					};
					04B853F92A87B0AA00DB7D8A = {
						CreatedOnToolsVersion = 14.3.1;
					};
				};
			};
			buildConfigurationList = 04B853F52A87B0AA00DB7D8A /* Build configuration list for PBXProject "InlineTest" */;
			compatibilityVersion = "Xcode 14.0";
			developmentRegion = en;
			hasScannedForEncodings = 0;
			knownRegions = (
				en,
				Base,
			);
			mainGroup = 04B853F12A87B0AA00DB7D8A;
			productRefGroup = 04B853FB2A87B0AA00DB7D8A /* Products */;
			projectDirPath = "";
			projectRoot = "";
			targets = (
				04B853F92A87B0AA00DB7D8A /* InlineTest */,
				043020DA2A87B37C00833CFB /* InlineTestTests */,
			);
		};
/* End PBXProject section */

/* Begin PBXResourcesBuildPhase section */
		043020D92A87B37C00833CFB /* Resources */ = {
			isa = PBXResourcesBuildPhase;
			buildActionMask = 2147483647;
			files = (
			);
			runOnlyForDeploymentPostprocessing = 0;
		};
		04B853F82A87B0AA00DB7D8A /* Resources */ = {
			isa = PBXResourcesBuildPhase;
			buildActionMask = 2147483647;
			files = (
				04B8540A2A87B0AC00DB7D8A /* LaunchScreen.storyboard in Resources */,
				04B854072A87B0AC00DB7D8A /* Assets.xcassets in Resources */,
				04B854052A87B0AA00DB7D8A /* Main.storyboard in Resources */,
			);
			runOnlyForDeploymentPostprocessing = 0;
		};
/* End PBXResourcesBuildPhase section */

/* Begin PBXSourcesBuildPhase section */
		043020D72A87B37C00833CFB /* Sources */ = {
			isa = PBXSourcesBuildPhase;
			buildActionMask = 2147483647;
			files = (
				043020DE2A87B37C00833CFB /* InlineTestTests.swift in Sources */,
			);
			runOnlyForDeploymentPostprocessing = 0;
		};
		04B853F62A87B0AA00DB7D8A /* Sources */ = {
			isa = PBXSourcesBuildPhase;
			buildActionMask = 2147483647;
			files = (
				04B854022A87B0AA00DB7D8A /* ViewController.swift in Sources */,
				043020D62A87B1DF00833CFB /* Date+Extensions.swift in Sources */,
				04B853FE2A87B0AA00DB7D8A /* AppDelegate.swift in Sources */,
				04B854002A87B0AA00DB7D8A /* SceneDelegate.swift in Sources */,
			);
			runOnlyForDeploymentPostprocessing = 0;
		};
/* End PBXSourcesBuildPhase section */

/* Begin PBXTargetDependency section */
		043020E02A87B37C00833CFB /* PBXTargetDependency */ = {
			isa = PBXTargetDependency;
			target = 04B853F92A87B0AA00DB7D8A /* InlineTest */;
			targetProxy = 043020DF2A87B37C00833CFB /* PBXContainerItemProxy */;
		};
/* End PBXTargetDependency section */

/* Begin PBXVariantGroup section */
		04B854032A87B0AA00DB7D8A /* Main.storyboard */ = {
			isa = PBXVariantGroup;
			children = (
				04B854042A87B0AA00DB7D8A /* Base */,
			);
			name = Main.storyboard;
			sourceTree = "<group>";
		};
		04B854082A87B0AC00DB7D8A /* LaunchScreen.storyboard */ = {
			isa = PBXVariantGroup;
			children = (
				04B854092A87B0AC00DB7D8A /* Base */,
			);
			name = LaunchScreen.storyboard;
			sourceTree = "<group>";
		};
/* End PBXVariantGroup section */

/* Begin XCBuildConfiguration section */
		043020E22A87B37C00833CFB /* Debug */ = {
			isa = XCBuildConfiguration;
			buildSettings = {
				BUNDLE_LOADER = "$(TEST_HOST)";
				CODE_SIGN_STYLE = Automatic;
				CURRENT_PROJECT_VERSION = 1;
				DEVELOPMENT_TEAM = 45SSL5KC89;
				GENERATE_INFOPLIST_FILE = YES;
				MARKETING_VERSION = 1.0;
				PRODUCT_BUNDLE_IDENTIFIER = com.pogos.anesyan.InlineTestTests;
				PRODUCT_NAME = "$(TARGET_NAME)";
				SWIFT_EMIT_LOC_STRINGS = NO;
				SWIFT_OPTIMIZATION_LEVEL = "-O";
				SWIFT_VERSION = 5.0;
				TARGETED_DEVICE_FAMILY = "1,2";
				TEST_HOST = "$(BUILT_PRODUCTS_DIR)/InlineTest.app/$(BUNDLE_EXECUTABLE_FOLDER_PATH)/InlineTest";
			};
			name = Debug;
		};
		043020E32A87B37C00833CFB /* Release */ = {
			isa = XCBuildConfiguration;
			buildSettings = {
				BUNDLE_LOADER = "$(TEST_HOST)";
				CODE_SIGN_STYLE = Automatic;
				CURRENT_PROJECT_VERSION = 1;
				DEVELOPMENT_TEAM = 45SSL5KC89;
				GENERATE_INFOPLIST_FILE = YES;
				MARKETING_VERSION = 1.0;
				PRODUCT_BUNDLE_IDENTIFIER = com.pogos.anesyan.InlineTestTests;
				PRODUCT_NAME = "$(TARGET_NAME)";
				SWIFT_EMIT_LOC_STRINGS = NO;
				SWIFT_VERSION = 5.0;
				TARGETED_DEVICE_FAMILY = "1,2";
				TEST_HOST = "$(BUILT_PRODUCTS_DIR)/InlineTest.app/$(BUNDLE_EXECUTABLE_FOLDER_PATH)/InlineTest";
			};
			name = Release;
		};
		04B8540C2A87B0AC00DB7D8A /* Debug */ = {
			isa = XCBuildConfiguration;
			buildSettings = {
				ALWAYS_SEARCH_USER_PATHS = NO;
				CLANG_ANALYZER_NONNULL = YES;
				CLANG_ANALYZER_NUMBER_OBJECT_CONVERSION = YES_AGGRESSIVE;
				CLANG_CXX_LANGUAGE_STANDARD = "gnu++20";
				CLANG_ENABLE_MODULES = YES;
				CLANG_ENABLE_OBJC_ARC = YES;
				CLANG_ENABLE_OBJC_WEAK = YES;
				CLANG_WARN_BLOCK_CAPTURE_AUTORELEASING = YES;
				CLANG_WARN_BOOL_CONVERSION = YES;
				CLANG_WARN_COMMA = YES;
				CLANG_WARN_CONSTANT_CONVERSION = YES;
				CLANG_WARN_DEPRECATED_OBJC_IMPLEMENTATIONS = YES;
				CLANG_WARN_DIRECT_OBJC_ISA_USAGE = YES_ERROR;
				CLANG_WARN_DOCUMENTATION_COMMENTS = YES;
				CLANG_WARN_EMPTY_BODY = YES;
				CLANG_WARN_ENUM_CONVERSION = YES;
				CLANG_WARN_INFINITE_RECURSION = YES;
				CLANG_WARN_INT_CONVERSION = YES;
				CLANG_WARN_NON_LITERAL_NULL_CONVERSION = YES;
				CLANG_WARN_OBJC_IMPLICIT_RETAIN_SELF = YES;
				CLANG_WARN_OBJC_LITERAL_CONVERSION = YES;
				CLANG_WARN_OBJC_ROOT_CLASS = YES_ERROR;
				CLANG_WARN_QUOTED_INCLUDE_IN_FRAMEWORK_HEADER = YES;
				CLANG_WARN_RANGE_LOOP_ANALYSIS = YES;
				CLANG_WARN_STRICT_PROTOTYPES = YES;
				CLANG_WARN_SUSPICIOUS_MOVE = YES;
				CLANG_WARN_UNGUARDED_AVAILABILITY = YES_AGGRESSIVE;
				CLANG_WARN_UNREACHABLE_CODE = YES;
				CLANG_WARN__DUPLICATE_METHOD_MATCH = YES;
				COPY_PHASE_STRIP = NO;
				DEBUG_INFORMATION_FORMAT = dwarf;
				ENABLE_STRICT_OBJC_MSGSEND = YES;
				ENABLE_TESTABILITY = YES;
				GCC_C_LANGUAGE_STANDARD = gnu11;
				GCC_DYNAMIC_NO_PIC = NO;
				GCC_NO_COMMON_BLOCKS = YES;
				GCC_OPTIMIZATION_LEVEL = 0;
				GCC_PREPROCESSOR_DEFINITIONS = (
					"DEBUG=1",
					"$(inherited)",
				);
				GCC_WARN_64_TO_32_BIT_CONVERSION = YES;
				GCC_WARN_ABOUT_RETURN_TYPE = YES_ERROR;
				GCC_WARN_UNDECLARED_SELECTOR = YES;
				GCC_WARN_UNINITIALIZED_AUTOS = YES_AGGRESSIVE;
				GCC_WARN_UNUSED_FUNCTION = YES;
				GCC_WARN_UNUSED_VARIABLE = YES;
				IPHONEOS_DEPLOYMENT_TARGET = 16.4;
				MTL_ENABLE_DEBUG_INFO = INCLUDE_SOURCE;
				MTL_FAST_MATH = YES;
				ONLY_ACTIVE_ARCH = YES;
				SDKROOT = iphoneos;
				SWIFT_ACTIVE_COMPILATION_CONDITIONS = DEBUG;
				SWIFT_OPTIMIZATION_LEVEL = "-Onone";
			};
			name = Debug;
		};
		04B8540D2A87B0AC00DB7D8A /* Release */ = {
			isa = XCBuildConfiguration;
			buildSettings = {
				ALWAYS_SEARCH_USER_PATHS = NO;
				CLANG_ANALYZER_NONNULL = YES;
				CLANG_ANALYZER_NUMBER_OBJECT_CONVERSION = YES_AGGRESSIVE;
				CLANG_CXX_LANGUAGE_STANDARD = "gnu++20";
				CLANG_ENABLE_MODULES = YES;
				CLANG_ENABLE_OBJC_ARC = YES;
				CLANG_ENABLE_OBJC_WEAK = YES;
				CLANG_WARN_BLOCK_CAPTURE_AUTORELEASING = YES;
				CLANG_WARN_BOOL_CONVERSION = YES;
				CLANG_WARN_COMMA = YES;
				CLANG_WARN_CONSTANT_CONVERSION = YES;
				CLANG_WARN_DEPRECATED_OBJC_IMPLEMENTATIONS = YES;
				CLANG_WARN_DIRECT_OBJC_ISA_USAGE = YES_ERROR;
				CLANG_WARN_DOCUMENTATION_COMMENTS = YES;
				CLANG_WARN_EMPTY_BODY = YES;
				CLANG_WARN_ENUM_CONVERSION = YES;
				CLANG_WARN_INFINITE_RECURSION = YES;
				CLANG_WARN_INT_CONVERSION = YES;
				CLANG_WARN_NON_LITERAL_NULL_CONVERSION = YES;
				CLANG_WARN_OBJC_IMPLICIT_RETAIN_SELF = YES;
				CLANG_WARN_OBJC_LITERAL_CONVERSION = YES;
				CLANG_WARN_OBJC_ROOT_CLASS = YES_ERROR;
				CLANG_WARN_QUOTED_INCLUDE_IN_FRAMEWORK_HEADER = YES;
				CLANG_WARN_RANGE_LOOP_ANALYSIS = YES;
				CLANG_WARN_STRICT_PROTOTYPES = YES;
				CLANG_WARN_SUSPICIOUS_MOVE = YES;
				CLANG_WARN_UNGUARDED_AVAILABILITY = YES_AGGRESSIVE;
				CLANG_WARN_UNREACHABLE_CODE = YES;
				CLANG_WARN__DUPLICATE_METHOD_MATCH = YES;
				COPY_PHASE_STRIP = NO;
				DEBUG_INFORMATION_FORMAT = "dwarf-with-dsym";
				ENABLE_NS_ASSERTIONS = NO;
				ENABLE_STRICT_OBJC_MSGSEND = YES;
				GCC_C_LANGUAGE_STANDARD = gnu11;
				GCC_NO_COMMON_BLOCKS = YES;
				GCC_WARN_64_TO_32_BIT_CONVERSION = YES;
				GCC_WARN_ABOUT_RETURN_TYPE = YES_ERROR;
				GCC_WARN_UNDECLARED_SELECTOR = YES;
				GCC_WARN_UNINITIALIZED_AUTOS = YES_AGGRESSIVE;
				GCC_WARN_UNUSED_FUNCTION = YES;
				GCC_WARN_UNUSED_VARIABLE = YES;
				IPHONEOS_DEPLOYMENT_TARGET = 16.4;
				MTL_ENABLE_DEBUG_INFO = NO;
				MTL_FAST_MATH = YES;
				SDKROOT = iphoneos;
				SWIFT_COMPILATION_MODE = wholemodule;
				SWIFT_OPTIMIZATION_LEVEL = "-O";
				VALIDATE_PRODUCT = YES;
			};
			name = Release;
		};
		04B8540F2A87B0AC00DB7D8A /* Debug */ = {
			isa = XCBuildConfiguration;
			buildSettings = {
				ASSETCATALOG_COMPILER_APPICON_NAME = AppIcon;
				ASSETCATALOG_COMPILER_GLOBAL_ACCENT_COLOR_NAME = AccentColor;
				CODE_SIGN_STYLE = Automatic;
				CURRENT_PROJECT_VERSION = 1;
				DEVELOPMENT_TEAM = 45SSL5KC89;
				GENERATE_INFOPLIST_FILE = YES;
				INFOPLIST_FILE = InlineTest/Info.plist;
				INFOPLIST_KEY_UIApplicationSupportsIndirectInputEvents = YES;
				INFOPLIST_KEY_UILaunchStoryboardName = LaunchScreen;
				INFOPLIST_KEY_UIMainStoryboardFile = Main;
				INFOPLIST_KEY_UISupportedInterfaceOrientations_iPad = "UIInterfaceOrientationPortrait UIInterfaceOrientationPortraitUpsideDown UIInterfaceOrientationLandscapeLeft UIInterfaceOrientationLandscapeRight";
				INFOPLIST_KEY_UISupportedInterfaceOrientations_iPhone = "UIInterfaceOrientationPortrait UIInterfaceOrientationLandscapeLeft UIInterfaceOrientationLandscapeRight";
				LD_RUNPATH_SEARCH_PATHS = (
					"$(inherited)",
					"@executable_path/Frameworks",
				);
				MARKETING_VERSION = 1.0;
				PRODUCT_BUNDLE_IDENTIFIER = com.pogos.anesyan.InlineTest;
				PRODUCT_NAME = "$(TARGET_NAME)";
				SWIFT_EMIT_LOC_STRINGS = YES;
				SWIFT_OPTIMIZATION_LEVEL = "-O";
				SWIFT_VERSION = 5.0;
				TARGETED_DEVICE_FAMILY = "1,2";
			};
			name = Debug;
		};
		04B854102A87B0AC00DB7D8A /* Release */ = {
			isa = XCBuildConfiguration;
			buildSettings = {
				ASSETCATALOG_COMPILER_APPICON_NAME = AppIcon;
				ASSETCATALOG_COMPILER_GLOBAL_ACCENT_COLOR_NAME = AccentColor;
				CODE_SIGN_STYLE = Automatic;
				CURRENT_PROJECT_VERSION = 1;
				DEVELOPMENT_TEAM = 45SSL5KC89;
				GENERATE_INFOPLIST_FILE = YES;
				INFOPLIST_FILE = InlineTest/Info.plist;
				INFOPLIST_KEY_UIApplicationSupportsIndirectInputEvents = YES;
				INFOPLIST_KEY_UILaunchStoryboardName = LaunchScreen;
				INFOPLIST_KEY_UIMainStoryboardFile = Main;
				INFOPLIST_KEY_UISupportedInterfaceOrientations_iPad = "UIInterfaceOrientationPortrait UIInterfaceOrientationPortraitUpsideDown UIInterfaceOrientationLandscapeLeft UIInterfaceOrientationLandscapeRight";
				INFOPLIST_KEY_UISupportedInterfaceOrientations_iPhone = "UIInterfaceOrientationPortrait UIInterfaceOrientationLandscapeLeft UIInterfaceOrientationLandscapeRight";
				LD_RUNPATH_SEARCH_PATHS = (
					"$(inherited)",
					"@executable_path/Frameworks",
				);
				MARKETING_VERSION = 1.0;
				PRODUCT_BUNDLE_IDENTIFIER = com.pogos.anesyan.InlineTest;
				PRODUCT_NAME = "$(TARGET_NAME)";
				SWIFT_EMIT_LOC_STRINGS = YES;
				SWIFT_VERSION = 5.0;
				TARGETED_DEVICE_FAMILY = "1,2";
			};
			name = Release;
		};
/* End XCBuildConfiguration section */

/* Begin XCConfigurationList section */
		043020E12A87B37C00833CFB /* Build configuration list for PBXNativeTarget "InlineTestTests" */ = {
			isa = XCConfigurationList;
			buildConfigurations = (
				043020E22A87B37C00833CFB /* Debug */,
				043020E32A87B37C00833CFB /* Release */,
			);
			defaultConfigurationIsVisible = 0;
			defaultConfigurationName = Release;
		};
		04B853F52A87B0AA00DB7D8A /* Build configuration list for PBXProject "InlineTest" */ = {
			isa = XCConfigurationList;
			buildConfigurations = (
				04B8540C2A87B0AC00DB7D8A /* Debug */,
				04B8540D2A87B0AC00DB7D8A /* Release */,
			);
			defaultConfigurationIsVisible = 0;
			defaultConfigurationName = Release;
		};
		04B8540E2A87B0AC00DB7D8A /* Build configuration list for PBXNativeTarget "InlineTest" */ = {
			isa = XCConfigurationList;
			buildConfigurations = (
				04B8540F2A87B0AC00DB7D8A /* Debug */,
				04B854102A87B0AC00DB7D8A /* Release */,
			);
			defaultConfigurationIsVisible = 0;
			defaultConfigurationName = Release;
		};
/* End XCConfigurationList section */
	};
	rootObject = 04B853F22A87B0AA00DB7D8A /* Project object */;
}
